# This file is automatically @generated by Cargo.
# It is not intended for manual editing.
version = 4

[[package]]
name = "flower-cli"
version = "0.1.0"

[[package]]
name = "flower-compiler"
version = "0.1.0"

[[package]]
name = "flower-ir"
version = "0.1.0"

[[package]]
name = "flower-runtime"
version = "0.1.0"
